
Microsoft Visual Studio Solution File, Format Version 12.00
# Visual Studio Version 17
VisualStudioVersion = 17.11.35327.3
MinimumVisualStudioVersion = 10.0.40219.1
Project("{FAE04EC0-301F-11D3-BF4B-00C04F79EFBC}") = "TextBasedAdventure", "TextBasedAdventure\TextBasedAdventure.csproj", "{EE73F1EE-BE44-4752-BF8E-EDFC4960DB40}"
EndProject
Global
	GlobalSection(SolutionConfigurationPlatforms) = preSolution
		Debug|Any CPU = Debug|Any CPU
		Release|Any CPU = Release|Any CPU
	EndGlobalSection
	GlobalSection(ProjectConfigurationPlatforms) = postSolution
		{EE73F1EE-BE44-4752-BF8E-EDFC4960DB40}.Debug|Any CPU.ActiveCfg = Debug|Any CPU
		{EE73F1EE-BE44-4752-BF8E-EDFC4960DB40}.Debug|Any CPU.Build.0 = Debug|Any CPU
		{EE73F1EE-BE44-4752-BF8E-EDFC4960DB40}.Release|Any CPU.ActiveCfg = Release|Any CPU
		{EE73F1EE-BE44-4752-BF8E-EDFC4960DB40}.Release|Any CPU.Build.0 = Release|Any CPU
	EndGlobalSection
	GlobalSection(SolutionProperties) = preSolution
		HideSolutionNode = FALSE
	EndGlobalSection
	GlobalSection(ExtensibilityGlobals) = postSolution
		SolutionGuid = {56A80AD2-B0D4-48A8-B6A2-2AD3D552C7EF}
	EndGlobalSection
EndGlobal
